// !$*UTF8*$!
{
	archiveVersion = 1;
	classes = {
	};
	objectVersion = 56;
	objects = {

/* Begin PBXBuildFile section */
		0D5853932902BE9400E7F024 /* AppDelegate.swift in Sources */ = {isa = PBXBuildFile; fileRef = 0D5853922902BE9400E7F024 /* AppDelegate.swift */; };
		0D5853972902BE9400E7F024 /* LoginViewController.swift in Sources */ = {isa = PBXBuildFile; fileRef = 0D5853962902BE9400E7F024 /* LoginViewController.swift */; };
		0D58539C2902BE9500E7F024 /* Assets.xcassets in Resources */ = {isa = PBXBuildFile; fileRef = 0D58539B2902BE9500E7F024 /* Assets.xcassets */; };
		0D58539F2902BE9500E7F024 /* LaunchScreen.storyboard in Resources */ = {isa = PBXBuildFile; fileRef = 0D58539D2902BE9500E7F024 /* LaunchScreen.storyboard */; };
		0D5853A82902C2FF00E7F024 /* LoginView.swift in Sources */ = {isa = PBXBuildFile; fileRef = 0D5853A72902C2FF00E7F024 /* LoginView.swift */; };
		0D5853AB290300FB00E7F024 /* OnboardingContainerViewController.swift in Sources */ = {isa = PBXBuildFile; fileRef = 0D5853AA290300FB00E7F024 /* OnboardingContainerViewController.swift */; };
		0D5853AD290305CD00E7F024 /* OnboardingViewController.swift in Sources */ = {isa = PBXBuildFile; fileRef = 0D5853AC290305CD00E7F024 /* OnboardingViewController.swift */; };
		0D5853AF29033D8500E7F024 /* DummyViewController.swift in Sources */ = {isa = PBXBuildFile; fileRef = 0D5853AE29033D8500E7F024 /* DummyViewController.swift */; };
		0D5853B22903428700E7F024 /* LocalState.swift in Sources */ = {isa = PBXBuildFile; fileRef = 0D5853B12903428700E7F024 /* LocalState.swift */; };
		0D5853B429048FC300E7F024 /* UIViewController+Utils.swift in Sources */ = {isa = PBXBuildFile; fileRef = 0D5853B329048FC300E7F024 /* UIViewController+Utils.swift */; };
		0D5853B62904905A00E7F024 /* MainViewController.swift in Sources */ = {isa = PBXBuildFile; fileRef = 0D5853B52904905A00E7F024 /* MainViewController.swift */; };
		0D5853B9290497C900E7F024 /* AccountSummaryViewController.swift in Sources */ = {isa = PBXBuildFile; fileRef = 0D5853B8290497C900E7F024 /* AccountSummaryViewController.swift */; };
		0D5853BB29067A2900E7F024 /* AccountSummaryHeaderView.swift in Sources */ = {isa = PBXBuildFile; fileRef = 0D5853BA29067A2900E7F024 /* AccountSummaryHeaderView.swift */; };
		0D5853BD29067AA000E7F024 /* AccountSummaryHeaderView.xib in Resources */ = {isa = PBXBuildFile; fileRef = 0D5853BC29067AA000E7F024 /* AccountSummaryHeaderView.xib */; };
		0DFC4E172906880C000E0B00 /* AccountSummaryCell.swift in Sources */ = {isa = PBXBuildFile; fileRef = 0DFC4E162906880C000E0B00 /* AccountSummaryCell.swift */; };
		0DFC4E1929069D02000E0B00 /* Decimal+Util.swift in Sources */ = {isa = PBXBuildFile; fileRef = 0DFC4E1829069D02000E0B00 /* Decimal+Util.swift */; };
		0DFC4E1B29069D33000E0B00 /* CurrencyFormatter.swift in Sources */ = {isa = PBXBuildFile; fileRef = 0DFC4E1A29069D33000E0B00 /* CurrencyFormatter.swift */; };
		0DFC4E232906CF5E000E0B00 /* CurrencyFormatterTests.swift in Sources */ = {isa = PBXBuildFile; fileRef = 0DFC4E222906CF5E000E0B00 /* CurrencyFormatterTests.swift */; };
		0DFC4E2A2906FDD9000E0B00 /* NSNotificationName.swift in Sources */ = {isa = PBXBuildFile; fileRef = 0DFC4E292906FDD8000E0B00 /* NSNotificationName.swift */; };
		0DFC4E2C290724F0000E0B00 /* UITextField+SecureToggle.swift in Sources */ = {isa = PBXBuildFile; fileRef = 0DFC4E2B290724F0000E0B00 /* UITextField+SecureToggle.swift */; };
		0DFC4E2F29072FBB000E0B00 /* ShakeyBellView.swift in Sources */ = {isa = PBXBuildFile; fileRef = 0DFC4E2E29072FBB000E0B00 /* ShakeyBellView.swift */; };
/* End PBXBuildFile section */

/* Begin PBXContainerItemProxy section */
		0DFC4E242906CF5E000E0B00 /* PBXContainerItemProxy */ = {
			isa = PBXContainerItemProxy;
			containerPortal = 0D5853872902BE9400E7F024 /* Project object */;
			proxyType = 1;
			remoteGlobalIDString = 0D58538E2902BE9400E7F024;
			remoteInfo = Bankey;
		};
/* End PBXContainerItemProxy section */

/* Begin PBXFileReference section */
		0D58538F2902BE9400E7F024 /* Bankey.app */ = {isa = PBXFileReference; explicitFileType = wrapper.application; includeInIndex = 0; path = Bankey.app; sourceTree = BUILT_PRODUCTS_DIR; };
		0D5853922902BE9400E7F024 /* AppDelegate.swift */ = {isa = PBXFileReference; lastKnownFileType = sourcecode.swift; path = AppDelegate.swift; sourceTree = "<group>"; };
		0D5853962902BE9400E7F024 /* LoginViewController.swift */ = {isa = PBXFileReference; lastKnownFileType = sourcecode.swift; path = LoginViewController.swift; sourceTree = "<group>"; };
		0D58539B2902BE9500E7F024 /* Assets.xcassets */ = {isa = PBXFileReference; lastKnownFileType = folder.assetcatalog; path = Assets.xcassets; sourceTree = "<group>"; };
		0D58539E2902BE9500E7F024 /* Base */ = {isa = PBXFileReference; lastKnownFileType = file.storyboard; name = Base; path = Base.lproj/LaunchScreen.storyboard; sourceTree = "<group>"; };
		0D5853A02902BE9500E7F024 /* Info.plist */ = {isa = PBXFileReference; lastKnownFileType = text.plist.xml; path = Info.plist; sourceTree = "<group>"; };
		0D5853A72902C2FF00E7F024 /* LoginView.swift */ = {isa = PBXFileReference; lastKnownFileType = sourcecode.swift; path = LoginView.swift; sourceTree = "<group>"; };
		0D5853AA290300FB00E7F024 /* OnboardingContainerViewController.swift */ = {isa = PBXFileReference; lastKnownFileType = sourcecode.swift; path = OnboardingContainerViewController.swift; sourceTree = "<group>"; };
		0D5853AC290305CD00E7F024 /* OnboardingViewController.swift */ = {isa = PBXFileReference; lastKnownFileType = sourcecode.swift; path = OnboardingViewController.swift; sourceTree = "<group>"; };
		0D5853AE29033D8500E7F024 /* DummyViewController.swift */ = {isa = PBXFileReference; lastKnownFileType = sourcecode.swift; path = DummyViewController.swift; sourceTree = "<group>"; };
		0D5853B12903428700E7F024 /* LocalState.swift */ = {isa = PBXFileReference; lastKnownFileType = sourcecode.swift; path = LocalState.swift; sourceTree = "<group>"; };
		0D5853B329048FC300E7F024 /* UIViewController+Utils.swift */ = {isa = PBXFileReference; lastKnownFileType = sourcecode.swift; path = "UIViewController+Utils.swift"; sourceTree = "<group>"; };
		0D5853B52904905A00E7F024 /* MainViewController.swift */ = {isa = PBXFileReference; lastKnownFileType = sourcecode.swift; path = MainViewController.swift; sourceTree = "<group>"; };
		0D5853B8290497C900E7F024 /* AccountSummaryViewController.swift */ = {isa = PBXFileReference; lastKnownFileType = sourcecode.swift; path = AccountSummaryViewController.swift; sourceTree = "<group>"; };
		0D5853BA29067A2900E7F024 /* AccountSummaryHeaderView.swift */ = {isa = PBXFileReference; lastKnownFileType = sourcecode.swift; path = AccountSummaryHeaderView.swift; sourceTree = "<group>"; };
		0D5853BC29067AA000E7F024 /* AccountSummaryHeaderView.xib */ = {isa = PBXFileReference; lastKnownFileType = file.xib; path = AccountSummaryHeaderView.xib; sourceTree = "<group>"; };
		0DFC4E162906880C000E0B00 /* AccountSummaryCell.swift */ = {isa = PBXFileReference; lastKnownFileType = sourcecode.swift; path = AccountSummaryCell.swift; sourceTree = "<group>"; };
		0DFC4E1829069D02000E0B00 /* Decimal+Util.swift */ = {isa = PBXFileReference; lastKnownFileType = sourcecode.swift; path = "Decimal+Util.swift"; sourceTree = "<group>"; };
		0DFC4E1A29069D33000E0B00 /* CurrencyFormatter.swift */ = {isa = PBXFileReference; lastKnownFileType = sourcecode.swift; path = CurrencyFormatter.swift; sourceTree = "<group>"; };
		0DFC4E202906CF5E000E0B00 /* BankeyUnitTests.xctest */ = {isa = PBXFileReference; explicitFileType = wrapper.cfbundle; includeInIndex = 0; path = BankeyUnitTests.xctest; sourceTree = BUILT_PRODUCTS_DIR; };
		0DFC4E222906CF5E000E0B00 /* CurrencyFormatterTests.swift */ = {isa = PBXFileReference; lastKnownFileType = sourcecode.swift; path = CurrencyFormatterTests.swift; sourceTree = "<group>"; };
		0DFC4E292906FDD8000E0B00 /* NSNotificationName.swift */ = {isa = PBXFileReference; lastKnownFileType = sourcecode.swift; path = NSNotificationName.swift; sourceTree = "<group>"; };
		0DFC4E2B290724F0000E0B00 /* UITextField+SecureToggle.swift */ = {isa = PBXFileReference; lastKnownFileType = sourcecode.swift; path = "UITextField+SecureToggle.swift"; sourceTree = "<group>"; };
		0DFC4E2E29072FBB000E0B00 /* ShakeyBellView.swift */ = {isa = PBXFileReference; lastKnownFileType = sourcecode.swift; path = ShakeyBellView.swift; sourceTree = "<group>"; };
/* End PBXFileReference section */

/* Begin PBXFrameworksBuildPhase section */
		0D58538C2902BE9400E7F024 /* Frameworks */ = {
			isa = PBXFrameworksBuildPhase;
			buildActionMask = 2147483647;
			files = (
			);
			runOnlyForDeploymentPostprocessing = 0;
		};
		0DFC4E1D2906CF5E000E0B00 /* Frameworks */ = {
			isa = PBXFrameworksBuildPhase;
			buildActionMask = 2147483647;
			files = (
			);
			runOnlyForDeploymentPostprocessing = 0;
		};
/* End PBXFrameworksBuildPhase section */

/* Begin PBXGroup section */
		0D5853862902BE9400E7F024 = {
			isa = PBXGroup;
			children = (
				0D5853912902BE9400E7F024 /* Bankey */,
				0DFC4E212906CF5E000E0B00 /* BankeyUnitTests */,
				0D5853902902BE9400E7F024 /* Products */,
			);
			sourceTree = "<group>";
		};
		0D5853902902BE9400E7F024 /* Products */ = {
			isa = PBXGroup;
			children = (
				0D58538F2902BE9400E7F024 /* Bankey.app */,
				0DFC4E202906CF5E000E0B00 /* BankeyUnitTests.xctest */,
			);
			name = Products;
			sourceTree = "<group>";
		};
		0D5853912902BE9400E7F024 /* Bankey */ = {
			isa = PBXGroup;
			children = (
				0D5853922902BE9400E7F024 /* AppDelegate.swift */,
				0D5853B52904905A00E7F024 /* MainViewController.swift */,
				0D5853A62902C2C200E7F024 /* Login */,
				0D5853A9290300CE00E7F024 /* Onboarding */,
				0D5853B7290497A400E7F024 /* Account Summary */,
				0D5853B02903425F00E7F024 /* Utils */,
				0DFC4E2D29072FA3000E0B00 /* Components */,
				0D58539B2902BE9500E7F024 /* Assets.xcassets */,
				0D58539D2902BE9500E7F024 /* LaunchScreen.storyboard */,
				0D5853A02902BE9500E7F024 /* Info.plist */,
			);
			path = Bankey;
			sourceTree = "<group>";
		};
		0D5853A62902C2C200E7F024 /* Login */ = {
			isa = PBXGroup;
			children = (
				0D5853A72902C2FF00E7F024 /* LoginView.swift */,
				0D5853962902BE9400E7F024 /* LoginViewController.swift */,
				0D5853AE29033D8500E7F024 /* DummyViewController.swift */,
			);
			path = Login;
			sourceTree = "<group>";
		};
		0D5853A9290300CE00E7F024 /* Onboarding */ = {
			isa = PBXGroup;
			children = (
				0D5853AA290300FB00E7F024 /* OnboardingContainerViewController.swift */,
				0D5853AC290305CD00E7F024 /* OnboardingViewController.swift */,
			);
			path = Onboarding;
			sourceTree = "<group>";
		};
		0D5853B02903425F00E7F024 /* Utils */ = {
			isa = PBXGroup;
			children = (
				0D5853B12903428700E7F024 /* LocalState.swift */,
				0D5853B329048FC300E7F024 /* UIViewController+Utils.swift */,
				0DFC4E1829069D02000E0B00 /* Decimal+Util.swift */,
				0DFC4E1A29069D33000E0B00 /* CurrencyFormatter.swift */,
				0DFC4E292906FDD8000E0B00 /* NSNotificationName.swift */,
				0DFC4E2B290724F0000E0B00 /* UITextField+SecureToggle.swift */,
			);
			path = Utils;
			sourceTree = "<group>";
		};
		0D5853B7290497A400E7F024 /* Account Summary */ = {
			isa = PBXGroup;
			children = (
				0D5853B8290497C900E7F024 /* AccountSummaryViewController.swift */,
				0DFC4E14290687D9000E0B00 /* Header */,
				0DFC4E15290687E7000E0B00 /* Cells */,
			);
			path = "Account Summary";
			sourceTree = "<group>";
		};
		0DFC4E14290687D9000E0B00 /* Header */ = {
			isa = PBXGroup;
			children = (
				0D5853BA29067A2900E7F024 /* AccountSummaryHeaderView.swift */,
				0D5853BC29067AA000E7F024 /* AccountSummaryHeaderView.xib */,
			);
			path = Header;
			sourceTree = "<group>";
		};
		0DFC4E15290687E7000E0B00 /* Cells */ = {
			isa = PBXGroup;
			children = (
				0DFC4E162906880C000E0B00 /* AccountSummaryCell.swift */,
			);
			path = Cells;
			sourceTree = "<group>";
		};
		0DFC4E212906CF5E000E0B00 /* BankeyUnitTests */ = {
			isa = PBXGroup;
			children = (
				0DFC4E222906CF5E000E0B00 /* CurrencyFormatterTests.swift */,
			);
			path = BankeyUnitTests;
			sourceTree = "<group>";
		};
		0DFC4E2D29072FA3000E0B00 /* Components */ = {
			isa = PBXGroup;
			children = (
				0DFC4E2E29072FBB000E0B00 /* ShakeyBellView.swift */,
			);
			path = Components;
			sourceTree = "<group>";
		};
/* End PBXGroup section */

/* Begin PBXNativeTarget section */
		0D58538E2902BE9400E7F024 /* Bankey */ = {
			isa = PBXNativeTarget;
			buildConfigurationList = 0D5853A32902BE9500E7F024 /* Build configuration list for PBXNativeTarget "Bankey" */;
			buildPhases = (
				0D58538B2902BE9400E7F024 /* Sources */,
				0D58538C2902BE9400E7F024 /* Frameworks */,
				0D58538D2902BE9400E7F024 /* Resources */,
			);
			buildRules = (
			);
			dependencies = (
			);
			name = Bankey;
			productName = Bankey;
			productReference = 0D58538F2902BE9400E7F024 /* Bankey.app */;
			productType = "com.apple.product-type.application";
		};
		0DFC4E1F2906CF5E000E0B00 /* BankeyUnitTests */ = {
			isa = PBXNativeTarget;
			buildConfigurationList = 0DFC4E262906CF5E000E0B00 /* Build configuration list for PBXNativeTarget "BankeyUnitTests" */;
			buildPhases = (
				0DFC4E1C2906CF5E000E0B00 /* Sources */,
				0DFC4E1D2906CF5E000E0B00 /* Frameworks */,
				0DFC4E1E2906CF5E000E0B00 /* Resources */,
			);
			buildRules = (
			);
			dependencies = (
				0DFC4E252906CF5E000E0B00 /* PBXTargetDependency */,
			);
			name = BankeyUnitTests;
			productName = BankeyUnitTests;
			productReference = 0DFC4E202906CF5E000E0B00 /* BankeyUnitTests.xctest */;
			productType = "com.apple.product-type.bundle.unit-test";
		};
/* End PBXNativeTarget section */

/* Begin PBXProject section */
		0D5853872902BE9400E7F024 /* Project object */ = {
			isa = PBXProject;
			attributes = {
				BuildIndependentTargetsInParallel = 1;
				LastSwiftUpdateCheck = 1400;
				LastUpgradeCheck = 1400;
				TargetAttributes = {
					0D58538E2902BE9400E7F024 = {
						CreatedOnToolsVersion = 14.0.1;
					};
					0DFC4E1F2906CF5E000E0B00 = {
						CreatedOnToolsVersion = 14.0.1;
						TestTargetID = 0D58538E2902BE9400E7F024;
					};
				};
			};
			buildConfigurationList = 0D58538A2902BE9400E7F024 /* Build configuration list for PBXProject "Bankey" */;
			compatibilityVersion = "Xcode 14.0";
			developmentRegion = en;
			hasScannedForEncodings = 0;
			knownRegions = (
				en,
				Base,
			);
			mainGroup = 0D5853862902BE9400E7F024;
			productRefGroup = 0D5853902902BE9400E7F024 /* Products */;
			projectDirPath = "";
			projectRoot = "";
			targets = (
				0D58538E2902BE9400E7F024 /* Bankey */,
				0DFC4E1F2906CF5E000E0B00 /* BankeyUnitTests */,
			);
		};
/* End PBXProject section */

/* Begin PBXResourcesBuildPhase section */
		0D58538D2902BE9400E7F024 /* Resources */ = {
			isa = PBXResourcesBuildPhase;
			buildActionMask = 2147483647;
			files = (
				0D5853BD29067AA000E7F024 /* AccountSummaryHeaderView.xib in Resources */,
				0D58539F2902BE9500E7F024 /* LaunchScreen.storyboard in Resources */,
				0D58539C2902BE9500E7F024 /* Assets.xcassets in Resources */,
			);
			runOnlyForDeploymentPostprocessing = 0;
		};
		0DFC4E1E2906CF5E000E0B00 /* Resources */ = {
			isa = PBXResourcesBuildPhase;
			buildActionMask = 2147483647;
			files = (
			);
			runOnlyForDeploymentPostprocessing = 0;
		};
/* End PBXResourcesBuildPhase section */

/* Begin PBXSourcesBuildPhase section */
		0D58538B2902BE9400E7F024 /* Sources */ = {
			isa = PBXSourcesBuildPhase;
			buildActionMask = 2147483647;
			files = (
				0D5853B429048FC300E7F024 /* UIViewController+Utils.swift in Sources */,
				0D5853A82902C2FF00E7F024 /* LoginView.swift in Sources */,
				0D5853B22903428700E7F024 /* LocalState.swift in Sources */,
				0D5853BB29067A2900E7F024 /* AccountSummaryHeaderView.swift in Sources */,
				0DFC4E2C290724F0000E0B00 /* UITextField+SecureToggle.swift in Sources */,
				0DFC4E1929069D02000E0B00 /* Decimal+Util.swift in Sources */,
				0DFC4E1B29069D33000E0B00 /* CurrencyFormatter.swift in Sources */,
				0D5853AF29033D8500E7F024 /* DummyViewController.swift in Sources */,
				0DFC4E2A2906FDD9000E0B00 /* NSNotificationName.swift in Sources */,
				0D5853972902BE9400E7F024 /* LoginViewController.swift in Sources */,
				0DFC4E2F29072FBB000E0B00 /* ShakeyBellView.swift in Sources */,
				0DFC4E172906880C000E0B00 /* AccountSummaryCell.swift in Sources */,
				0D5853AD290305CD00E7F024 /* OnboardingViewController.swift in Sources */,
				0D5853B62904905A00E7F024 /* MainViewController.swift in Sources */,
				0D5853B9290497C900E7F024 /* AccountSummaryViewController.swift in Sources */,
				0D5853932902BE9400E7F024 /* AppDelegate.swift in Sources */,
				0D5853AB290300FB00E7F024 /* OnboardingContainerViewController.swift in Sources */,
			);
			runOnlyForDeploymentPostprocessing = 0;
		};
		0DFC4E1C2906CF5E000E0B00 /* Sources */ = {
			isa = PBXSourcesBuildPhase;
			buildActionMask = 2147483647;
			files = (
				0DFC4E232906CF5E000E0B00 /* CurrencyFormatterTests.swift in Sources */,
			);
			runOnlyForDeploymentPostprocessing = 0;
		};
/* End PBXSourcesBuildPhase section */

/* Begin PBXTargetDependency section */
		0DFC4E252906CF5E000E0B00 /* PBXTargetDependency */ = {
			isa = PBXTargetDependency;
			target = 0D58538E2902BE9400E7F024 /* Bankey */;
			targetProxy = 0DFC4E242906CF5E000E0B00 /* PBXContainerItemProxy */;
		};
/* End PBXTargetDependency section */

/* Begin PBXVariantGroup section */
		0D58539D2902BE9500E7F024 /* LaunchScreen.storyboard */ = {
			isa = PBXVariantGroup;
			children = (
				0D58539E2902BE9500E7F024 /* Base */,
			);
			name = LaunchScreen.storyboard;
			sourceTree = "<group>";
		};
/* End PBXVariantGroup section */

/* Begin XCBuildConfiguration section */
		0D5853A12902BE9500E7F024 /* Debug */ = {
			isa = XCBuildConfiguration;
			buildSettings = {
				ALWAYS_SEARCH_USER_PATHS = NO;
				CLANG_ANALYZER_NONNULL = YES;
				CLANG_ANALYZER_NUMBER_OBJECT_CONVERSION = YES_AGGRESSIVE;
				CLANG_CXX_LANGUAGE_STANDARD = "gnu++20";
				CLANG_ENABLE_MODULES = YES;
				CLANG_ENABLE_OBJC_ARC = YES;
				CLANG_ENABLE_OBJC_WEAK = YES;
				CLANG_WARN_BLOCK_CAPTURE_AUTORELEASING = YES;
				CLANG_WARN_BOOL_CONVERSION = YES;
				CLANG_WARN_COMMA = YES;
				CLANG_WARN_CONSTANT_CONVERSION = YES;
				CLANG_WARN_DEPRECATED_OBJC_IMPLEMENTATIONS = YES;
				CLANG_WARN_DIRECT_OBJC_ISA_USAGE = YES_ERROR;
				CLANG_WARN_DOCUMENTATION_COMMENTS = YES;
				CLANG_WARN_EMPTY_BODY = YES;
				CLANG_WARN_ENUM_CONVERSION = YES;
				CLANG_WARN_INFINITE_RECURSION = YES;
				CLANG_WARN_INT_CONVERSION = YES;
				CLANG_WARN_NON_LITERAL_NULL_CONVERSION = YES;
				CLANG_WARN_OBJC_IMPLICIT_RETAIN_SELF = YES;
				CLANG_WARN_OBJC_LITERAL_CONVERSION = YES;
				CLANG_WARN_OBJC_ROOT_CLASS = YES_ERROR;
				CLANG_WARN_QUOTED_INCLUDE_IN_FRAMEWORK_HEADER = YES;
				CLANG_WARN_RANGE_LOOP_ANALYSIS = YES;
				CLANG_WARN_STRICT_PROTOTYPES = YES;
				CLANG_WARN_SUSPICIOUS_MOVE = YES;
				CLANG_WARN_UNGUARDED_AVAILABILITY = YES_AGGRESSIVE;
				CLANG_WARN_UNREACHABLE_CODE = YES;
				CLANG_WARN__DUPLICATE_METHOD_MATCH = YES;
				COPY_PHASE_STRIP = NO;
				DEBUG_INFORMATION_FORMAT = dwarf;
				ENABLE_STRICT_OBJC_MSGSEND = YES;
				ENABLE_TESTABILITY = YES;
				GCC_C_LANGUAGE_STANDARD = gnu11;
				GCC_DYNAMIC_NO_PIC = NO;
				GCC_NO_COMMON_BLOCKS = YES;
				GCC_OPTIMIZATION_LEVEL = 0;
				GCC_PREPROCESSOR_DEFINITIONS = (
					"DEBUG=1",
					"$(inherited)",
				);
				GCC_WARN_64_TO_32_BIT_CONVERSION = YES;
				GCC_WARN_ABOUT_RETURN_TYPE = YES_ERROR;
				GCC_WARN_UNDECLARED_SELECTOR = YES;
				GCC_WARN_UNINITIALIZED_AUTOS = YES_AGGRESSIVE;
				GCC_WARN_UNUSED_FUNCTION = YES;
				GCC_WARN_UNUSED_VARIABLE = YES;
				IPHONEOS_DEPLOYMENT_TARGET = 16.0;
				MTL_ENABLE_DEBUG_INFO = INCLUDE_SOURCE;
				MTL_FAST_MATH = YES;
				ONLY_ACTIVE_ARCH = YES;
				SDKROOT = iphoneos;
				SWIFT_ACTIVE_COMPILATION_CONDITIONS = DEBUG;
				SWIFT_OPTIMIZATION_LEVEL = "-Onone";
			};
			name = Debug;
		};
		0D5853A22902BE9500E7F024 /* Release */ = {
			isa = XCBuildConfiguration;
			buildSettings = {
				ALWAYS_SEARCH_USER_PATHS = NO;
				CLANG_ANALYZER_NONNULL = YES;
				CLANG_ANALYZER_NUMBER_OBJECT_CONVERSION = YES_AGGRESSIVE;
				CLANG_CXX_LANGUAGE_STANDARD = "gnu++20";
				CLANG_ENABLE_MODULES = YES;
				CLANG_ENABLE_OBJC_ARC = YES;
				CLANG_ENABLE_OBJC_WEAK = YES;
				CLANG_WARN_BLOCK_CAPTURE_AUTORELEASING = YES;
				CLANG_WARN_BOOL_CONVERSION = YES;
				CLANG_WARN_COMMA = YES;
				CLANG_WARN_CONSTANT_CONVERSION = YES;
				CLANG_WARN_DEPRECATED_OBJC_IMPLEMENTATIONS = YES;
				CLANG_WARN_DIRECT_OBJC_ISA_USAGE = YES_ERROR;
				CLANG_WARN_DOCUMENTATION_COMMENTS = YES;
				CLANG_WARN_EMPTY_BODY = YES;
				CLANG_WARN_ENUM_CONVERSION = YES;
				CLANG_WARN_INFINITE_RECURSION = YES;
				CLANG_WARN_INT_CONVERSION = YES;
				CLANG_WARN_NON_LITERAL_NULL_CONVERSION = YES;
				CLANG_WARN_OBJC_IMPLICIT_RETAIN_SELF = YES;
				CLANG_WARN_OBJC_LITERAL_CONVERSION = YES;
				CLANG_WARN_OBJC_ROOT_CLASS = YES_ERROR;
				CLANG_WARN_QUOTED_INCLUDE_IN_FRAMEWORK_HEADER = YES;
				CLANG_WARN_RANGE_LOOP_ANALYSIS = YES;
				CLANG_WARN_STRICT_PROTOTYPES = YES;
				CLANG_WARN_SUSPICIOUS_MOVE = YES;
				CLANG_WARN_UNGUARDED_AVAILABILITY = YES_AGGRESSIVE;
				CLANG_WARN_UNREACHABLE_CODE = YES;
				CLANG_WARN__DUPLICATE_METHOD_MATCH = YES;
				COPY_PHASE_STRIP = NO;
				DEBUG_INFORMATION_FORMAT = "dwarf-with-dsym";
				ENABLE_NS_ASSERTIONS = NO;
				ENABLE_STRICT_OBJC_MSGSEND = YES;
				GCC_C_LANGUAGE_STANDARD = gnu11;
				GCC_NO_COMMON_BLOCKS = YES;
				GCC_WARN_64_TO_32_BIT_CONVERSION = YES;
				GCC_WARN_ABOUT_RETURN_TYPE = YES_ERROR;
				GCC_WARN_UNDECLARED_SELECTOR = YES;
				GCC_WARN_UNINITIALIZED_AUTOS = YES_AGGRESSIVE;
				GCC_WARN_UNUSED_FUNCTION = YES;
				GCC_WARN_UNUSED_VARIABLE = YES;
				IPHONEOS_DEPLOYMENT_TARGET = 16.0;
				MTL_ENABLE_DEBUG_INFO = NO;
				MTL_FAST_MATH = YES;
				SDKROOT = iphoneos;
				SWIFT_COMPILATION_MODE = wholemodule;
				SWIFT_OPTIMIZATION_LEVEL = "-O";
				VALIDATE_PRODUCT = YES;
			};
			name = Release;
		};
		0D5853A42902BE9500E7F024 /* Debug */ = {
			isa = XCBuildConfiguration;
			buildSettings = {
				ASSETCATALOG_COMPILER_APPICON_NAME = AppIcon;
				ASSETCATALOG_COMPILER_GLOBAL_ACCENT_COLOR_NAME = AccentColor;
				CODE_SIGN_STYLE = Automatic;
				CURRENT_PROJECT_VERSION = 1;
				DEVELOPMENT_TEAM = RZ2BKVSB8Y;
				GENERATE_INFOPLIST_FILE = YES;
				INFOPLIST_FILE = Bankey/Info.plist;
				INFOPLIST_KEY_UIApplicationSupportsIndirectInputEvents = YES;
				INFOPLIST_KEY_UILaunchStoryboardName = LaunchScreen;
				INFOPLIST_KEY_UISupportedInterfaceOrientations_iPad = "UIInterfaceOrientationPortrait UIInterfaceOrientationPortraitUpsideDown UIInterfaceOrientationLandscapeLeft UIInterfaceOrientationLandscapeRight";
				INFOPLIST_KEY_UISupportedInterfaceOrientations_iPhone = "UIInterfaceOrientationPortrait UIInterfaceOrientationLandscapeLeft UIInterfaceOrientationLandscapeRight";
				LD_RUNPATH_SEARCH_PATHS = (
					"$(inherited)",
					"@executable_path/Frameworks",
				);
				MARKETING_VERSION = 1.0;
				PRODUCT_BUNDLE_IDENTIFIER = com.serrazes.Bankey;
				PRODUCT_NAME = "$(TARGET_NAME)";
				SWIFT_EMIT_LOC_STRINGS = YES;
				SWIFT_VERSION = 5.0;
				TARGETED_DEVICE_FAMILY = "1,2";
			};
			name = Debug;
		};
		0D5853A52902BE9500E7F024 /* Release */ = {
			isa = XCBuildConfiguration;
			buildSettings = {
				ASSETCATALOG_COMPILER_APPICON_NAME = AppIcon;
				ASSETCATALOG_COMPILER_GLOBAL_ACCENT_COLOR_NAME = AccentColor;
				CODE_SIGN_STYLE = Automatic;
				CURRENT_PROJECT_VERSION = 1;
				DEVELOPMENT_TEAM = RZ2BKVSB8Y;
				GENERATE_INFOPLIST_FILE = YES;
				INFOPLIST_FILE = Bankey/Info.plist;
				INFOPLIST_KEY_UIApplicationSupportsIndirectInputEvents = YES;
				INFOPLIST_KEY_UILaunchStoryboardName = LaunchScreen;
				INFOPLIST_KEY_UISupportedInterfaceOrientations_iPad = "UIInterfaceOrientationPortrait UIInterfaceOrientationPortraitUpsideDown UIInterfaceOrientationLandscapeLeft UIInterfaceOrientationLandscapeRight";
				INFOPLIST_KEY_UISupportedInterfaceOrientations_iPhone = "UIInterfaceOrientationPortrait UIInterfaceOrientationLandscapeLeft UIInterfaceOrientationLandscapeRight";
				LD_RUNPATH_SEARCH_PATHS = (
					"$(inherited)",
					"@executable_path/Frameworks",
				);
				MARKETING_VERSION = 1.0;
				PRODUCT_BUNDLE_IDENTIFIER = com.serrazes.Bankey;
				PRODUCT_NAME = "$(TARGET_NAME)";
				SWIFT_EMIT_LOC_STRINGS = YES;
				SWIFT_VERSION = 5.0;
				TARGETED_DEVICE_FAMILY = "1,2";
			};
			name = Release;
		};
		0DFC4E272906CF5E000E0B00 /* Debug */ = {
			isa = XCBuildConfiguration;
			buildSettings = {
				BUNDLE_LOADER = "$(TEST_HOST)";
				CODE_SIGN_STYLE = Automatic;
				CURRENT_PROJECT_VERSION = 1;
				DEVELOPMENT_TEAM = RZ2BKVSB8Y;
				GENERATE_INFOPLIST_FILE = YES;
				MARKETING_VERSION = 1.0;
				PRODUCT_BUNDLE_IDENTIFIER = com.serrazes.BankeyUnitTests;
				PRODUCT_NAME = "$(TARGET_NAME)";
				SUPPORTED_PLATFORMS = "iphoneos iphonesimulator";
				SUPPORTS_MACCATALYST = NO;
				SUPPORTS_MAC_DESIGNED_FOR_IPHONE_IPAD = YES;
				SWIFT_EMIT_LOC_STRINGS = NO;
				SWIFT_VERSION = 5.0;
				TARGETED_DEVICE_FAMILY = "1,2";
				TEST_HOST = "$(BUILT_PRODUCTS_DIR)/Bankey.app/$(BUNDLE_EXECUTABLE_FOLDER_PATH)/Bankey";
			};
			name = Debug;
		};
		0DFC4E282906CF5E000E0B00 /* Release */ = {
			isa = XCBuildConfiguration;
			buildSettings = {
				BUNDLE_LOADER = "$(TEST_HOST)";
				CODE_SIGN_STYLE = Automatic;
				CURRENT_PROJECT_VERSION = 1;
				DEVELOPMENT_TEAM = RZ2BKVSB8Y;
				GENERATE_INFOPLIST_FILE = YES;
				MARKETING_VERSION = 1.0;
				PRODUCT_BUNDLE_IDENTIFIER = com.serrazes.BankeyUnitTests;
				PRODUCT_NAME = "$(TARGET_NAME)";
				SUPPORTED_PLATFORMS = "iphoneos iphonesimulator";
				SUPPORTS_MACCATALYST = NO;
				SUPPORTS_MAC_DESIGNED_FOR_IPHONE_IPAD = YES;
				SWIFT_EMIT_LOC_STRINGS = NO;
				SWIFT_VERSION = 5.0;
				TARGETED_DEVICE_FAMILY = "1,2";
				TEST_HOST = "$(BUILT_PRODUCTS_DIR)/Bankey.app/$(BUNDLE_EXECUTABLE_FOLDER_PATH)/Bankey";
			};
			name = Release;
		};
/* End XCBuildConfiguration section */

/* Begin XCConfigurationList section */
		0D58538A2902BE9400E7F024 /* Build configuration list for PBXProject "Bankey" */ = {
			isa = XCConfigurationList;
			buildConfigurations = (
				0D5853A12902BE9500E7F024 /* Debug */,
				0D5853A22902BE9500E7F024 /* Release */,
			);
			defaultConfigurationIsVisible = 0;
			defaultConfigurationName = Release;
		};
		0D5853A32902BE9500E7F024 /* Build configuration list for PBXNativeTarget "Bankey" */ = {
			isa = XCConfigurationList;
			buildConfigurations = (
				0D5853A42902BE9500E7F024 /* Debug */,
				0D5853A52902BE9500E7F024 /* Release */,
			);
			defaultConfigurationIsVisible = 0;
			defaultConfigurationName = Release;
		};
		0DFC4E262906CF5E000E0B00 /* Build configuration list for PBXNativeTarget "BankeyUnitTests" */ = {
			isa = XCConfigurationList;
			buildConfigurations = (
				0DFC4E272906CF5E000E0B00 /* Debug */,
				0DFC4E282906CF5E000E0B00 /* Release */,
			);
			defaultConfigurationIsVisible = 0;
			defaultConfigurationName = Release;
		};
/* End XCConfigurationList section */
	};
	rootObject = 0D5853872902BE9400E7F024 /* Project object */;
}
